// !$*UTF8*$!
{
	archiveVersion = 1;
	classes = {
	};
	objectVersion = 50;
	objects = {

/* Begin PBXBuildFile section */
		69D5371A2217DE6000A11E1E /* AppDelegate.swift in Sources */ = {isa = PBXBuildFile; fileRef = 69D537192217DE6000A11E1E /* AppDelegate.swift */; };
		69D5371C2217DE6000A11E1E /* ViewController.swift in Sources */ = {isa = PBXBuildFile; fileRef = 69D5371B2217DE6000A11E1E /* ViewController.swift */; };
		69D5371F2217DE6000A11E1E /* Main.storyboard in Resources */ = {isa = PBXBuildFile; fileRef = 69D5371D2217DE6000A11E1E /* Main.storyboard */; };
		69D537212217DE6200A11E1E /* Assets.xcassets in Resources */ = {isa = PBXBuildFile; fileRef = 69D537202217DE6200A11E1E /* Assets.xcassets */; };
		69D537242217DE6200A11E1E /* LaunchScreen.storyboard in Resources */ = {isa = PBXBuildFile; fileRef = 69D537222217DE6200A11E1E /* LaunchScreen.storyboard */; };
		69D5372F2217DE6200A11E1E /* SleepTests.swift in Sources */ = {isa = PBXBuildFile; fileRef = 69D5372E2217DE6200A11E1E /* SleepTests.swift */; };
		69D5373A2217DE6200A11E1E /* SleepUITests.swift in Sources */ = {isa = PBXBuildFile; fileRef = 69D537392217DE6200A11E1E /* SleepUITests.swift */; };
		69D537482217E78700A11E1E /* RecordViewController.swift in Sources */ = {isa = PBXBuildFile; fileRef = 69D537472217E78700A11E1E /* RecordViewController.swift */; };
		69D5374A2217E86D00A11E1E /* SaveViewController.swift in Sources */ = {isa = PBXBuildFile; fileRef = 69D537492217E86D00A11E1E /* SaveViewController.swift */; };
/* End PBXBuildFile section */

/* Begin PBXContainerItemProxy section */
		69D5372B2217DE6200A11E1E /* PBXContainerItemProxy */ = {
			isa = PBXContainerItemProxy;
			containerPortal = 69D5370E2217DE6000A11E1E /* Project object */;
			proxyType = 1;
			remoteGlobalIDString = 69D537152217DE6000A11E1E;
			remoteInfo = Sleep;
		};
		69D537362217DE6200A11E1E /* PBXContainerItemProxy */ = {
			isa = PBXContainerItemProxy;
			containerPortal = 69D5370E2217DE6000A11E1E /* Project object */;
			proxyType = 1;
			remoteGlobalIDString = 69D537152217DE6000A11E1E;
			remoteInfo = Sleep;
		};
/* End PBXContainerItemProxy section */

/* Begin PBXFileReference section */
		69D537162217DE6000A11E1E /* Sleep.app */ = {isa = PBXFileReference; explicitFileType = wrapper.application; includeInIndex = 0; path = Sleep.app; sourceTree = BUILT_PRODUCTS_DIR; };
		69D537192217DE6000A11E1E /* AppDelegate.swift */ = {isa = PBXFileReference; lastKnownFileType = sourcecode.swift; path = AppDelegate.swift; sourceTree = "<group>"; };
		69D5371B2217DE6000A11E1E /* ViewController.swift */ = {isa = PBXFileReference; lastKnownFileType = sourcecode.swift; path = ViewController.swift; sourceTree = "<group>"; };
		69D5371E2217DE6000A11E1E /* Base */ = {isa = PBXFileReference; lastKnownFileType = file.storyboard; name = Base; path = Base.lproj/Main.storyboard; sourceTree = "<group>"; };
		69D537202217DE6200A11E1E /* Assets.xcassets */ = {isa = PBXFileReference; lastKnownFileType = folder.assetcatalog; path = Assets.xcassets; sourceTree = "<group>"; };
		69D537232217DE6200A11E1E /* Base */ = {isa = PBXFileReference; lastKnownFileType = file.storyboard; name = Base; path = Base.lproj/LaunchScreen.storyboard; sourceTree = "<group>"; };
		69D537252217DE6200A11E1E /* Info.plist */ = {isa = PBXFileReference; lastKnownFileType = text.plist.xml; path = Info.plist; sourceTree = "<group>"; };
		69D5372A2217DE6200A11E1E /* SleepTests.xctest */ = {isa = PBXFileReference; explicitFileType = wrapper.cfbundle; includeInIndex = 0; path = SleepTests.xctest; sourceTree = BUILT_PRODUCTS_DIR; };
		69D5372E2217DE6200A11E1E /* SleepTests.swift */ = {isa = PBXFileReference; lastKnownFileType = sourcecode.swift; path = SleepTests.swift; sourceTree = "<group>"; };
		69D537302217DE6200A11E1E /* Info.plist */ = {isa = PBXFileReference; lastKnownFileType = text.plist.xml; path = Info.plist; sourceTree = "<group>"; };
		69D537352217DE6200A11E1E /* SleepUITests.xctest */ = {isa = PBXFileReference; explicitFileType = wrapper.cfbundle; includeInIndex = 0; path = SleepUITests.xctest; sourceTree = BUILT_PRODUCTS_DIR; };
		69D537392217DE6200A11E1E /* SleepUITests.swift */ = {isa = PBXFileReference; lastKnownFileType = sourcecode.swift; path = SleepUITests.swift; sourceTree = "<group>"; };
		69D5373B2217DE6200A11E1E /* Info.plist */ = {isa = PBXFileReference; lastKnownFileType = text.plist.xml; path = Info.plist; sourceTree = "<group>"; };
		69D537472217E78700A11E1E /* RecordViewController.swift */ = {isa = PBXFileReference; lastKnownFileType = sourcecode.swift; path = RecordViewController.swift; sourceTree = "<group>"; };
		69D537492217E86D00A11E1E /* SaveViewController.swift */ = {isa = PBXFileReference; lastKnownFileType = sourcecode.swift; path = SaveViewController.swift; sourceTree = "<group>"; };
/* End PBXFileReference section */

/* Begin PBXFrameworksBuildPhase section */
		69D537132217DE6000A11E1E /* Frameworks */ = {
			isa = PBXFrameworksBuildPhase;
			buildActionMask = 2147483647;
			files = (
			);
			runOnlyForDeploymentPostprocessing = 0;
		};
		69D537272217DE6200A11E1E /* Frameworks */ = {
			isa = PBXFrameworksBuildPhase;
			buildActionMask = 2147483647;
			files = (
			);
			runOnlyForDeploymentPostprocessing = 0;
		};
		69D537322217DE6200A11E1E /* Frameworks */ = {
			isa = PBXFrameworksBuildPhase;
			buildActionMask = 2147483647;
			files = (
			);
			runOnlyForDeploymentPostprocessing = 0;
		};
/* End PBXFrameworksBuildPhase section */

/* Begin PBXGroup section */
		69D5370D2217DE6000A11E1E = {
			isa = PBXGroup;
			children = (
				69D537182217DE6000A11E1E /* Sleep */,
				69D5372D2217DE6200A11E1E /* SleepTests */,
				69D537382217DE6200A11E1E /* SleepUITests */,
				69D537172217DE6000A11E1E /* Products */,
			);
			sourceTree = "<group>";
		};
		69D537172217DE6000A11E1E /* Products */ = {
			isa = PBXGroup;
			children = (
				69D537162217DE6000A11E1E /* Sleep.app */,
				69D5372A2217DE6200A11E1E /* SleepTests.xctest */,
				69D537352217DE6200A11E1E /* SleepUITests.xctest */,
			);
			name = Products;
			sourceTree = "<group>";
		};
		69D537182217DE6000A11E1E /* Sleep */ = {
			isa = PBXGroup;
			children = (
				69D537192217DE6000A11E1E /* AppDelegate.swift */,
				69D5371B2217DE6000A11E1E /* ViewController.swift */,
				69D5371D2217DE6000A11E1E /* Main.storyboard */,
				69D537202217DE6200A11E1E /* Assets.xcassets */,
				69D537222217DE6200A11E1E /* LaunchScreen.storyboard */,
				69D537252217DE6200A11E1E /* Info.plist */,
				69D537472217E78700A11E1E /* RecordViewController.swift */,
				69D537492217E86D00A11E1E /* SaveViewController.swift */,
			);
			path = Sleep;
			sourceTree = "<group>";
		};
		69D5372D2217DE6200A11E1E /* SleepTests */ = {
			isa = PBXGroup;
			children = (
				69D5372E2217DE6200A11E1E /* SleepTests.swift */,
				69D537302217DE6200A11E1E /* Info.plist */,
			);
			path = SleepTests;
			sourceTree = "<group>";
		};
		69D537382217DE6200A11E1E /* SleepUITests */ = {
			isa = PBXGroup;
			children = (
				69D537392217DE6200A11E1E /* SleepUITests.swift */,
				69D5373B2217DE6200A11E1E /* Info.plist */,
			);
			path = SleepUITests;
			sourceTree = "<group>";
		};
/* End PBXGroup section */

/* Begin PBXNativeTarget section */
		69D537152217DE6000A11E1E /* Sleep */ = {
			isa = PBXNativeTarget;
			buildConfigurationList = 69D5373E2217DE6200A11E1E /* Build configuration list for PBXNativeTarget "Sleep" */;
			buildPhases = (
				69D537122217DE6000A11E1E /* Sources */,
				69D537132217DE6000A11E1E /* Frameworks */,
				69D537142217DE6000A11E1E /* Resources */,
			);
			buildRules = (
			);
			dependencies = (
			);
			name = Sleep;
			productName = Sleep;
			productReference = 69D537162217DE6000A11E1E /* Sleep.app */;
			productType = "com.apple.product-type.application";
		};
		69D537292217DE6200A11E1E /* SleepTests */ = {
			isa = PBXNativeTarget;
			buildConfigurationList = 69D537412217DE6200A11E1E /* Build configuration list for PBXNativeTarget "SleepTests" */;
			buildPhases = (
				69D537262217DE6200A11E1E /* Sources */,
				69D537272217DE6200A11E1E /* Frameworks */,
				69D537282217DE6200A11E1E /* Resources */,
			);
			buildRules = (
			);
			dependencies = (
				69D5372C2217DE6200A11E1E /* PBXTargetDependency */,
			);
			name = SleepTests;
			productName = SleepTests;
			productReference = 69D5372A2217DE6200A11E1E /* SleepTests.xctest */;
			productType = "com.apple.product-type.bundle.unit-test";
		};
		69D537342217DE6200A11E1E /* SleepUITests */ = {
			isa = PBXNativeTarget;
			buildConfigurationList = 69D537442217DE6200A11E1E /* Build configuration list for PBXNativeTarget "SleepUITests" */;
			buildPhases = (
				69D537312217DE6200A11E1E /* Sources */,
				69D537322217DE6200A11E1E /* Frameworks */,
				69D537332217DE6200A11E1E /* Resources */,
			);
			buildRules = (
			);
			dependencies = (
				69D537372217DE6200A11E1E /* PBXTargetDependency */,
			);
			name = SleepUITests;
			productName = SleepUITests;
			productReference = 69D537352217DE6200A11E1E /* SleepUITests.xctest */;
			productType = "com.apple.product-type.bundle.ui-testing";
		};
/* End PBXNativeTarget section */

/* Begin PBXProject section */
		69D5370E2217DE6000A11E1E /* Project object */ = {
			isa = PBXProject;
			attributes = {
				LastSwiftUpdateCheck = 1000;
				LastUpgradeCheck = 1000;
				ORGANIZATIONNAME = "紫安絵理";
				TargetAttributes = {
					69D537152217DE6000A11E1E = {
						CreatedOnToolsVersion = 10.0;
					};
					69D537292217DE6200A11E1E = {
						CreatedOnToolsVersion = 10.0;
						TestTargetID = 69D537152217DE6000A11E1E;
					};
					69D537342217DE6200A11E1E = {
						CreatedOnToolsVersion = 10.0;
						TestTargetID = 69D537152217DE6000A11E1E;
					};
				};
			};
			buildConfigurationList = 69D537112217DE6000A11E1E /* Build configuration list for PBXProject "Sleep" */;
			compatibilityVersion = "Xcode 9.3";
			developmentRegion = en;
			hasScannedForEncodings = 0;
			knownRegions = (
				en,
				Base,
			);
			mainGroup = 69D5370D2217DE6000A11E1E;
			productRefGroup = 69D537172217DE6000A11E1E /* Products */;
			projectDirPath = "";
			projectRoot = "";
			targets = (
				69D537152217DE6000A11E1E /* Sleep */,
				69D537292217DE6200A11E1E /* SleepTests */,
				69D537342217DE6200A11E1E /* SleepUITests */,
			);
		};
/* End PBXProject section */

/* Begin PBXResourcesBuildPhase section */
		69D537142217DE6000A11E1E /* Resources */ = {
			isa = PBXResourcesBuildPhase;
			buildActionMask = 2147483647;
			files = (
				69D537242217DE6200A11E1E /* LaunchScreen.storyboard in Resources */,
				69D537212217DE6200A11E1E /* Assets.xcassets in Resources */,
				69D5371F2217DE6000A11E1E /* Main.storyboard in Resources */,
			);
			runOnlyForDeploymentPostprocessing = 0;
		};
		69D537282217DE6200A11E1E /* Resources */ = {
			isa = PBXResourcesBuildPhase;
			buildActionMask = 2147483647;
			files = (
			);
			runOnlyForDeploymentPostprocessing = 0;
		};
		69D537332217DE6200A11E1E /* Resources */ = {
			isa = PBXResourcesBuildPhase;
			buildActionMask = 2147483647;
			files = (
			);
			runOnlyForDeploymentPostprocessing = 0;
		};
/* End PBXResourcesBuildPhase section */

/* Begin PBXSourcesBuildPhase section */
		69D537122217DE6000A11E1E /* Sources */ = {
			isa = PBXSourcesBuildPhase;
			buildActionMask = 2147483647;
			files = (
				69D537482217E78700A11E1E /* RecordViewController.swift in Sources */,
				69D5374A2217E86D00A11E1E /* SaveViewController.swift in Sources */,
				69D5371C2217DE6000A11E1E /* ViewController.swift in Sources */,
				69D5371A2217DE6000A11E1E /* AppDelegate.swift in Sources */,
			);
			runOnlyForDeploymentPostprocessing = 0;
		};
		69D537262217DE6200A11E1E /* Sources */ = {
			isa = PBXSourcesBuildPhase;
			buildActionMask = 2147483647;
			files = (
				69D5372F2217DE6200A11E1E /* SleepTests.swift in Sources */,
			);
			runOnlyForDeploymentPostprocessing = 0;
		};
		69D537312217DE6200A11E1E /* Sources */ = {
			isa = PBXSourcesBuildPhase;
			buildActionMask = 2147483647;
			files = (
				69D5373A2217DE6200A11E1E /* SleepUITests.swift in Sources */,
			);
			runOnlyForDeploymentPostprocessing = 0;
		};
/* End PBXSourcesBuildPhase section */

/* Begin PBXTargetDependency section */
		69D5372C2217DE6200A11E1E /* PBXTargetDependency */ = {
			isa = PBXTargetDependency;
			target = 69D537152217DE6000A11E1E /* Sleep */;
			targetProxy = 69D5372B2217DE6200A11E1E /* PBXContainerItemProxy */;
		};
		69D537372217DE6200A11E1E /* PBXTargetDependency */ = {
			isa = PBXTargetDependency;
			target = 69D537152217DE6000A11E1E /* Sleep */;
			targetProxy = 69D537362217DE6200A11E1E /* PBXContainerItemProxy */;
		};
/* End PBXTargetDependency section */

/* Begin PBXVariantGroup section */
		69D5371D2217DE6000A11E1E /* Main.storyboard */ = {
			isa = PBXVariantGroup;
			children = (
				69D5371E2217DE6000A11E1E /* Base */,
			);
			name = Main.storyboard;
			sourceTree = "<group>";
		};
		69D537222217DE6200A11E1E /* LaunchScreen.storyboard */ = {
			isa = PBXVariantGroup;
			children = (
				69D537232217DE6200A11E1E /* Base */,
			);
			name = LaunchScreen.storyboard;
			sourceTree = "<group>";
		};
/* End PBXVariantGroup section */

/* Begin XCBuildConfiguration section */
		69D5373C2217DE6200A11E1E /* Debug */ = {
			isa = XCBuildConfiguration;
			buildSettings = {
				ALWAYS_SEARCH_USER_PATHS = NO;
				CLANG_ANALYZER_NONNULL = YES;
				CLANG_ANALYZER_NUMBER_OBJECT_CONVERSION = YES_AGGRESSIVE;
				CLANG_CXX_LANGUAGE_STANDARD = "gnu++14";
				CLANG_CXX_LIBRARY = "libc++";
				CLANG_ENABLE_MODULES = YES;
				CLANG_ENABLE_OBJC_ARC = YES;
				CLANG_ENABLE_OBJC_WEAK = YES;
				CLANG_WARN_BLOCK_CAPTURE_AUTORELEASING = YES;
				CLANG_WARN_BOOL_CONVERSION = YES;
				CLANG_WARN_COMMA = YES;
				CLANG_WARN_CONSTANT_CONVERSION = YES;
				CLANG_WARN_DEPRECATED_OBJC_IMPLEMENTATIONS = YES;
				CLANG_WARN_DIRECT_OBJC_ISA_USAGE = YES_ERROR;
				CLANG_WARN_DOCUMENTATION_COMMENTS = YES;
				CLANG_WARN_EMPTY_BODY = YES;
				CLANG_WARN_ENUM_CONVERSION = YES;
				CLANG_WARN_INFINITE_RECURSION = YES;
				CLANG_WARN_INT_CONVERSION = YES;
				CLANG_WARN_NON_LITERAL_NULL_CONVERSION = YES;
				CLANG_WARN_OBJC_IMPLICIT_RETAIN_SELF = YES;
				CLANG_WARN_OBJC_LITERAL_CONVERSION = YES;
				CLANG_WARN_OBJC_ROOT_CLASS = YES_ERROR;
				CLANG_WARN_RANGE_LOOP_ANALYSIS = YES;
				CLANG_WARN_STRICT_PROTOTYPES = YES;
				CLANG_WARN_SUSPICIOUS_MOVE = YES;
				CLANG_WARN_UNGUARDED_AVAILABILITY = YES_AGGRESSIVE;
				CLANG_WARN_UNREACHABLE_CODE = YES;
				CLANG_WARN__DUPLICATE_METHOD_MATCH = YES;
				CODE_SIGN_IDENTITY = "iPhone Developer";
				COPY_PHASE_STRIP = NO;
				DEBUG_INFORMATION_FORMAT = dwarf;
				ENABLE_STRICT_OBJC_MSGSEND = YES;
				ENABLE_TESTABILITY = YES;
				GCC_C_LANGUAGE_STANDARD = gnu11;
				GCC_DYNAMIC_NO_PIC = NO;
				GCC_NO_COMMON_BLOCKS = YES;
				GCC_OPTIMIZATION_LEVEL = 0;
				GCC_PREPROCESSOR_DEFINITIONS = (
					"DEBUG=1",
					"$(inherited)",
				);
				GCC_WARN_64_TO_32_BIT_CONVERSION = YES;
				GCC_WARN_ABOUT_RETURN_TYPE = YES_ERROR;
				GCC_WARN_UNDECLARED_SELECTOR = YES;
				GCC_WARN_UNINITIALIZED_AUTOS = YES_AGGRESSIVE;
				GCC_WARN_UNUSED_FUNCTION = YES;
				GCC_WARN_UNUSED_VARIABLE = YES;
				IPHONEOS_DEPLOYMENT_TARGET = 12.0;
				MTL_ENABLE_DEBUG_INFO = INCLUDE_SOURCE;
				MTL_FAST_MATH = YES;
				ONLY_ACTIVE_ARCH = YES;
				SDKROOT = iphoneos;
				SWIFT_ACTIVE_COMPILATION_CONDITIONS = DEBUG;
				SWIFT_OPTIMIZATION_LEVEL = "-Onone";
			};
			name = Debug;
		};
		69D5373D2217DE6200A11E1E /* Release */ = {
			isa = XCBuildConfiguration;
			buildSettings = {
				ALWAYS_SEARCH_USER_PATHS = NO;
				CLANG_ANALYZER_NONNULL = YES;
				CLANG_ANALYZER_NUMBER_OBJECT_CONVERSION = YES_AGGRESSIVE;
				CLANG_CXX_LANGUAGE_STANDARD = "gnu++14";
				CLANG_CXX_LIBRARY = "libc++";
				CLANG_ENABLE_MODULES = YES;
				CLANG_ENABLE_OBJC_ARC = YES;
				CLANG_ENABLE_OBJC_WEAK = YES;
				CLANG_WARN_BLOCK_CAPTURE_AUTORELEASING = YES;
				CLANG_WARN_BOOL_CONVERSION = YES;
				CLANG_WARN_COMMA = YES;
				CLANG_WARN_CONSTANT_CONVERSION = YES;
				CLANG_WARN_DEPRECATED_OBJC_IMPLEMENTATIONS = YES;
				CLANG_WARN_DIRECT_OBJC_ISA_USAGE = YES_ERROR;
				CLANG_WARN_DOCUMENTATION_COMMENTS = YES;
				CLANG_WARN_EMPTY_BODY = YES;
				CLANG_WARN_ENUM_CONVERSION = YES;
				CLANG_WARN_INFINITE_RECURSION = YES;
				CLANG_WARN_INT_CONVERSION = YES;
				CLANG_WARN_NON_LITERAL_NULL_CONVERSION = YES;
				CLANG_WARN_OBJC_IMPLICIT_RETAIN_SELF = YES;
				CLANG_WARN_OBJC_LITERAL_CONVERSION = YES;
				CLANG_WARN_OBJC_ROOT_CLASS = YES_ERROR;
				CLANG_WARN_RANGE_LOOP_ANALYSIS = YES;
				CLANG_WARN_STRICT_PROTOTYPES = YES;
				CLANG_WARN_SUSPICIOUS_MOVE = YES;
				CLANG_WARN_UNGUARDED_AVAILABILITY = YES_AGGRESSIVE;
				CLANG_WARN_UNREACHABLE_CODE = YES;
				CLANG_WARN__DUPLICATE_METHOD_MATCH = YES;
				CODE_SIGN_IDENTITY = "iPhone Developer";
				COPY_PHASE_STRIP = NO;
				DEBUG_INFORMATION_FORMAT = "dwarf-with-dsym";
				ENABLE_NS_ASSERTIONS = NO;
				ENABLE_STRICT_OBJC_MSGSEND = YES;
				GCC_C_LANGUAGE_STANDARD = gnu11;
				GCC_NO_COMMON_BLOCKS = YES;
				GCC_WARN_64_TO_32_BIT_CONVERSION = YES;
				GCC_WARN_ABOUT_RETURN_TYPE = YES_ERROR;
				GCC_WARN_UNDECLARED_SELECTOR = YES;
				GCC_WARN_UNINITIALIZED_AUTOS = YES_AGGRESSIVE;
				GCC_WARN_UNUSED_FUNCTION = YES;
				GCC_WARN_UNUSED_VARIABLE = YES;
				IPHONEOS_DEPLOYMENT_TARGET = 12.0;
				MTL_ENABLE_DEBUG_INFO = NO;
				MTL_FAST_MATH = YES;
				SDKROOT = iphoneos;
				SWIFT_COMPILATION_MODE = wholemodule;
				SWIFT_OPTIMIZATION_LEVEL = "-O";
				VALIDATE_PRODUCT = YES;
			};
			name = Release;
		};
		69D5373F2217DE6200A11E1E /* Debug */ = {
			isa = XCBuildConfiguration;
			buildSettings = {
				ASSETCATALOG_COMPILER_APPICON_NAME = AppIcon;
				CODE_SIGN_STYLE = Automatic;
				INFOPLIST_FILE = Sleep/Info.plist;
				LD_RUNPATH_SEARCH_PATHS = (
					"$(inherited)",
					"@executable_path/Frameworks",
				);
				PRODUCT_BUNDLE_IDENTIFIER = com.litech.Sleep;
				PRODUCT_NAME = "$(TARGET_NAME)";
				SWIFT_VERSION = 4.2;
				TARGETED_DEVICE_FAMILY = "1,2";
			};
			name = Debug;
		};
		69D537402217DE6200A11E1E /* Release */ = {
			isa = XCBuildConfiguration;
			buildSettings = {
				ASSETCATALOG_COMPILER_APPICON_NAME = AppIcon;
				CODE_SIGN_STYLE = Automatic;
				INFOPLIST_FILE = Sleep/Info.plist;
				LD_RUNPATH_SEARCH_PATHS = (
					"$(inherited)",
					"@executable_path/Frameworks",
				);
				PRODUCT_BUNDLE_IDENTIFIER = com.litech.Sleep;
				PRODUCT_NAME = "$(TARGET_NAME)";
				SWIFT_VERSION = 4.2;
				TARGETED_DEVICE_FAMILY = "1,2";
			};
			name = Release;
		};
		69D537422217DE6200A11E1E /* Debug */ = {
			isa = XCBuildConfiguration;
			buildSettings = {
				ALWAYS_EMBED_SWIFT_STANDARD_LIBRARIES = YES;
				BUNDLE_LOADER = "$(TEST_HOST)";
				CODE_SIGN_STYLE = Automatic;
				INFOPLIST_FILE = SleepTests/Info.plist;
				LD_RUNPATH_SEARCH_PATHS = (
					"$(inherited)",
					"@executable_path/Frameworks",
					"@loader_path/Frameworks",
				);
				PRODUCT_BUNDLE_IDENTIFIER = com.litech.SleepTests;
				PRODUCT_NAME = "$(TARGET_NAME)";
				SWIFT_VERSION = 4.2;
				TARGETED_DEVICE_FAMILY = "1,2";
				TEST_HOST = "$(BUILT_PRODUCTS_DIR)/Sleep.app/Sleep";
			};
			name = Debug;
		};
		69D537432217DE6200A11E1E /* Release */ = {
			isa = XCBuildConfiguration;
			buildSettings = {
				ALWAYS_EMBED_SWIFT_STANDARD_LIBRARIES = YES;
				BUNDLE_LOADER = "$(TEST_HOST)";
				CODE_SIGN_STYLE = Automatic;
				INFOPLIST_FILE = SleepTests/Info.plist;
				LD_RUNPATH_SEARCH_PATHS = (
					"$(inherited)",
					"@executable_path/Frameworks",
					"@loader_path/Frameworks",
				);
				PRODUCT_BUNDLE_IDENTIFIER = com.litech.SleepTests;
				PRODUCT_NAME = "$(TARGET_NAME)";
				SWIFT_VERSION = 4.2;
				TARGETED_DEVICE_FAMILY = "1,2";
				TEST_HOST = "$(BUILT_PRODUCTS_DIR)/Sleep.app/Sleep";
			};
			name = Release;
		};
		69D537452217DE6200A11E1E /* Debug */ = {
			isa = XCBuildConfiguration;
			buildSettings = {
				ALWAYS_EMBED_SWIFT_STANDARD_LIBRARIES = YES;
				CODE_SIGN_STYLE = Automatic;
				INFOPLIST_FILE = SleepUITests/Info.plist;
				LD_RUNPATH_SEARCH_PATHS = (
					"$(inherited)",
					"@executable_path/Frameworks",
					"@loader_path/Frameworks",
				);
				PRODUCT_BUNDLE_IDENTIFIER = com.litech.SleepUITests;
				PRODUCT_NAME = "$(TARGET_NAME)";
				SWIFT_VERSION = 4.2;
				TARGETED_DEVICE_FAMILY = "1,2";
				TEST_TARGET_NAME = Sleep;
			};
			name = Debug;
		};
		69D537462217DE6200A11E1E /* Release */ = {
			isa = XCBuildConfiguration;
			buildSettings = {
				ALWAYS_EMBED_SWIFT_STANDARD_LIBRARIES = YES;
				CODE_SIGN_STYLE = Automatic;
				INFOPLIST_FILE = SleepUITests/Info.plist;
				LD_RUNPATH_SEARCH_PATHS = (
					"$(inherited)",
					"@executable_path/Frameworks",
					"@loader_path/Frameworks",
				);
				PRODUCT_BUNDLE_IDENTIFIER = com.litech.SleepUITests;
				PRODUCT_NAME = "$(TARGET_NAME)";
				SWIFT_VERSION = 4.2;
				TARGETED_DEVICE_FAMILY = "1,2";
				TEST_TARGET_NAME = Sleep;
			};
			name = Release;
		};
/* End XCBuildConfiguration section */

/* Begin XCConfigurationList section */
		69D537112217DE6000A11E1E /* Build configuration list for PBXProject "Sleep" */ = {
			isa = XCConfigurationList;
			buildConfigurations = (
				69D5373C2217DE6200A11E1E /* Debug */,
				69D5373D2217DE6200A11E1E /* Release */,
			);
			defaultConfigurationIsVisible = 0;
			defaultConfigurationName = Release;
		};
		69D5373E2217DE6200A11E1E /* Build configuration list for PBXNativeTarget "Sleep" */ = {
			isa = XCConfigurationList;
			buildConfigurations = (
				69D5373F2217DE6200A11E1E /* Debug */,
				69D537402217DE6200A11E1E /* Release */,
			);
			defaultConfigurationIsVisible = 0;
			defaultConfigurationName = Release;
		};
		69D537412217DE6200A11E1E /* Build configuration list for PBXNativeTarget "SleepTests" */ = {
			isa = XCConfigurationList;
			buildConfigurations = (
				69D537422217DE6200A11E1E /* Debug */,
				69D537432217DE6200A11E1E /* Release */,
			);
			defaultConfigurationIsVisible = 0;
			defaultConfigurationName = Release;
		};
		69D537442217DE6200A11E1E /* Build configuration list for PBXNativeTarget "SleepUITests" */ = {
			isa = XCConfigurationList;
			buildConfigurations = (
				69D537452217DE6200A11E1E /* Debug */,
				69D537462217DE6200A11E1E /* Release */,
			);
			defaultConfigurationIsVisible = 0;
			defaultConfigurationName = Release;
		};
/* End XCConfigurationList section */
	};
	rootObject = 69D5370E2217DE6000A11E1E /* Project object */;
}
