// !$*UTF8*$!
{
	archiveVersion = 1;
	classes = {
	};
	objectVersion = 50;
	objects = {

/* Begin PBXBuildFile section */
		0004885604EF0D4FF1055AFA /* Pods_Sleep.framework in Frameworks */ = {isa = PBXBuildFile; fileRef = 423BBCD5E484A8259CB62B7D /* Pods_Sleep.framework */; };
		69D5371A2217DE6000A11E1E /* AppDelegate.swift in Sources */ = {isa = PBXBuildFile; fileRef = 69D537192217DE6000A11E1E /* AppDelegate.swift */; };
		69D5371C2217DE6000A11E1E /* ViewController.swift in Sources */ = {isa = PBXBuildFile; fileRef = 69D5371B2217DE6000A11E1E /* ViewController.swift */; };
		69D5371F2217DE6000A11E1E /* Main.storyboard in Resources */ = {isa = PBXBuildFile; fileRef = 69D5371D2217DE6000A11E1E /* Main.storyboard */; };
		69D537212217DE6200A11E1E /* Assets.xcassets in Resources */ = {isa = PBXBuildFile; fileRef = 69D537202217DE6200A11E1E /* Assets.xcassets */; };
		69D537242217DE6200A11E1E /* LaunchScreen.storyboard in Resources */ = {isa = PBXBuildFile; fileRef = 69D537222217DE6200A11E1E /* LaunchScreen.storyboard */; };
		69D5372F2217DE6200A11E1E /* SleepTests.swift in Sources */ = {isa = PBXBuildFile; fileRef = 69D5372E2217DE6200A11E1E /* SleepTests.swift */; };
		69D5373A2217DE6200A11E1E /* SleepUITests.swift in Sources */ = {isa = PBXBuildFile; fileRef = 69D537392217DE6200A11E1E /* SleepUITests.swift */; };
		69D537482217E78700A11E1E /* RecordViewController.swift in Sources */ = {isa = PBXBuildFile; fileRef = 69D537472217E78700A11E1E /* RecordViewController.swift */; };
		69EDD6BE222A577A005E0531 /* Sleep.swift in Sources */ = {isa = PBXBuildFile; fileRef = 69EDD6BD222A577A005E0531 /* Sleep.swift */; };
		69EDD6C0222A8E00005E0531 /* UIColor+.swift in Sources */ = {isa = PBXBuildFile; fileRef = 69EDD6BF222A8E00005E0531 /* UIColor+.swift */; };
		8FFBF2BB9A4106E7526CE032 /* libPods-SleepTests.a in Frameworks */ = {isa = PBXBuildFile; fileRef = B82ED731079E9FA790302089 /* libPods-SleepTests.a */; };
		E2C659D16C83B12FDB02F5E8 /* libPods-SleepUITests.a in Frameworks */ = {isa = PBXBuildFile; fileRef = C79C35C4198C65B2D1BDFED3 /* libPods-SleepUITests.a */; };
/* End PBXBuildFile section */

/* Begin PBXContainerItemProxy section */
		69D5372B2217DE6200A11E1E /* PBXContainerItemProxy */ = {
			isa = PBXContainerItemProxy;
			containerPortal = 69D5370E2217DE6000A11E1E /* Project object */;
			proxyType = 1;
			remoteGlobalIDString = 69D537152217DE6000A11E1E;
			remoteInfo = Sleep;
		};
		69D537362217DE6200A11E1E /* PBXContainerItemProxy */ = {
			isa = PBXContainerItemProxy;
			containerPortal = 69D5370E2217DE6000A11E1E /* Project object */;
			proxyType = 1;
			remoteGlobalIDString = 69D537152217DE6000A11E1E;
			remoteInfo = Sleep;
		};
/* End PBXContainerItemProxy section */

/* Begin PBXFileReference section */
		0169DF7AF44E39E546F77A58 /* Pods-Sleep.release.xcconfig */ = {isa = PBXFileReference; includeInIndex = 1; lastKnownFileType = text.xcconfig; name = "Pods-Sleep.release.xcconfig"; path = "Target Support Files/Pods-Sleep/Pods-Sleep.release.xcconfig"; sourceTree = "<group>"; };
		098C7218B38A1D8DD84DEC9D /* Pods-SleepTests.release.xcconfig */ = {isa = PBXFileReference; includeInIndex = 1; lastKnownFileType = text.xcconfig; name = "Pods-SleepTests.release.xcconfig"; path = "Target Support Files/Pods-SleepTests/Pods-SleepTests.release.xcconfig"; sourceTree = "<group>"; };
		423BBCD5E484A8259CB62B7D /* Pods_Sleep.framework */ = {isa = PBXFileReference; explicitFileType = wrapper.framework; includeInIndex = 0; path = Pods_Sleep.framework; sourceTree = BUILT_PRODUCTS_DIR; };
		496712DE8301CE5FCF7BB0E1 /* Pods-Sleep.debug.xcconfig */ = {isa = PBXFileReference; includeInIndex = 1; lastKnownFileType = text.xcconfig; name = "Pods-Sleep.debug.xcconfig"; path = "Target Support Files/Pods-Sleep/Pods-Sleep.debug.xcconfig"; sourceTree = "<group>"; };
		577D57907F3F3076184A4818 /* Pods-SleepUITests.debug.xcconfig */ = {isa = PBXFileReference; includeInIndex = 1; lastKnownFileType = text.xcconfig; name = "Pods-SleepUITests.debug.xcconfig"; path = "Target Support Files/Pods-SleepUITests/Pods-SleepUITests.debug.xcconfig"; sourceTree = "<group>"; };
		69D537162217DE6000A11E1E /* Sleep.app */ = {isa = PBXFileReference; explicitFileType = wrapper.application; includeInIndex = 0; path = Sleep.app; sourceTree = BUILT_PRODUCTS_DIR; };
		69D537192217DE6000A11E1E /* AppDelegate.swift */ = {isa = PBXFileReference; lastKnownFileType = sourcecode.swift; path = AppDelegate.swift; sourceTree = "<group>"; };
		69D5371B2217DE6000A11E1E /* ViewController.swift */ = {isa = PBXFileReference; lastKnownFileType = sourcecode.swift; path = ViewController.swift; sourceTree = "<group>"; };
		69D5371E2217DE6000A11E1E /* Base */ = {isa = PBXFileReference; lastKnownFileType = file.storyboard; name = Base; path = Base.lproj/Main.storyboard; sourceTree = "<group>"; };
		69D537202217DE6200A11E1E /* Assets.xcassets */ = {isa = PBXFileReference; lastKnownFileType = folder.assetcatalog; path = Assets.xcassets; sourceTree = "<group>"; };
		69D537232217DE6200A11E1E /* Base */ = {isa = PBXFileReference; lastKnownFileType = file.storyboard; name = Base; path = Base.lproj/LaunchScreen.storyboard; sourceTree = "<group>"; };
		69D537252217DE6200A11E1E /* Info.plist */ = {isa = PBXFileReference; lastKnownFileType = text.plist.xml; path = Info.plist; sourceTree = "<group>"; };
		69D5372A2217DE6200A11E1E /* SleepTests.xctest */ = {isa = PBXFileReference; explicitFileType = wrapper.cfbundle; includeInIndex = 0; path = SleepTests.xctest; sourceTree = BUILT_PRODUCTS_DIR; };
		69D5372E2217DE6200A11E1E /* SleepTests.swift */ = {isa = PBXFileReference; lastKnownFileType = sourcecode.swift; path = SleepTests.swift; sourceTree = "<group>"; };
		69D537302217DE6200A11E1E /* Info.plist */ = {isa = PBXFileReference; lastKnownFileType = text.plist.xml; path = Info.plist; sourceTree = "<group>"; };
		69D537352217DE6200A11E1E /* SleepUITests.xctest */ = {isa = PBXFileReference; explicitFileType = wrapper.cfbundle; includeInIndex = 0; path = SleepUITests.xctest; sourceTree = BUILT_PRODUCTS_DIR; };
		69D537392217DE6200A11E1E /* SleepUITests.swift */ = {isa = PBXFileReference; lastKnownFileType = sourcecode.swift; path = SleepUITests.swift; sourceTree = "<group>"; };
		69D5373B2217DE6200A11E1E /* Info.plist */ = {isa = PBXFileReference; lastKnownFileType = text.plist.xml; path = Info.plist; sourceTree = "<group>"; };
		69D537472217E78700A11E1E /* RecordViewController.swift */ = {isa = PBXFileReference; lastKnownFileType = sourcecode.swift; path = RecordViewController.swift; sourceTree = "<group>"; };
		69EDD6BD222A577A005E0531 /* Sleep.swift */ = {isa = PBXFileReference; lastKnownFileType = sourcecode.swift; path = Sleep.swift; sourceTree = "<group>"; };
		69EDD6BF222A8E00005E0531 /* UIColor+.swift */ = {isa = PBXFileReference; lastKnownFileType = sourcecode.swift; path = "UIColor+.swift"; sourceTree = "<group>"; };
		816A11CC1AD77A162C1A6161 /* Pods-SleepUITests.release.xcconfig */ = {isa = PBXFileReference; includeInIndex = 1; lastKnownFileType = text.xcconfig; name = "Pods-SleepUITests.release.xcconfig"; path = "Target Support Files/Pods-SleepUITests/Pods-SleepUITests.release.xcconfig"; sourceTree = "<group>"; };
		B82ED731079E9FA790302089 /* libPods-SleepTests.a */ = {isa = PBXFileReference; explicitFileType = archive.ar; includeInIndex = 0; path = "libPods-SleepTests.a"; sourceTree = BUILT_PRODUCTS_DIR; };
		C79C35C4198C65B2D1BDFED3 /* libPods-SleepUITests.a */ = {isa = PBXFileReference; explicitFileType = archive.ar; includeInIndex = 0; path = "libPods-SleepUITests.a"; sourceTree = BUILT_PRODUCTS_DIR; };
		F43B3C05839DA455A2DFC45B /* Pods-SleepTests.debug.xcconfig */ = {isa = PBXFileReference; includeInIndex = 1; lastKnownFileType = text.xcconfig; name = "Pods-SleepTests.debug.xcconfig"; path = "Target Support Files/Pods-SleepTests/Pods-SleepTests.debug.xcconfig"; sourceTree = "<group>"; };
/* End PBXFileReference section */

/* Begin PBXFrameworksBuildPhase section */
		69D537132217DE6000A11E1E /* Frameworks */ = {
			isa = PBXFrameworksBuildPhase;
			buildActionMask = 2147483647;
			files = (
				0004885604EF0D4FF1055AFA /* Pods_Sleep.framework in Frameworks */,
			);
			runOnlyForDeploymentPostprocessing = 0;
		};
		69D537272217DE6200A11E1E /* Frameworks */ = {
			isa = PBXFrameworksBuildPhase;
			buildActionMask = 2147483647;
			files = (
				8FFBF2BB9A4106E7526CE032 /* libPods-SleepTests.a in Frameworks */,
			);
			runOnlyForDeploymentPostprocessing = 0;
		};
		69D537322217DE6200A11E1E /* Frameworks */ = {
			isa = PBXFrameworksBuildPhase;
			buildActionMask = 2147483647;
			files = (
				E2C659D16C83B12FDB02F5E8 /* libPods-SleepUITests.a in Frameworks */,
			);
			runOnlyForDeploymentPostprocessing = 0;
		};
/* End PBXFrameworksBuildPhase section */

/* Begin PBXGroup section */
		69D5370D2217DE6000A11E1E = {
			isa = PBXGroup;
			children = (
				69D537182217DE6000A11E1E /* Sleep */,
				69D5372D2217DE6200A11E1E /* SleepTests */,
				69D537382217DE6200A11E1E /* SleepUITests */,
				69D537172217DE6000A11E1E /* Products */,
				6F2ED634211D8374FB5C1D87 /* Pods */,
				A8EA7FAF07F8686A4B35C6AB /* Frameworks */,
			);
			sourceTree = "<group>";
		};
		69D537172217DE6000A11E1E /* Products */ = {
			isa = PBXGroup;
			children = (
				69D537162217DE6000A11E1E /* Sleep.app */,
				69D5372A2217DE6200A11E1E /* SleepTests.xctest */,
				69D537352217DE6200A11E1E /* SleepUITests.xctest */,
			);
			name = Products;
			sourceTree = "<group>";
		};
		69D537182217DE6000A11E1E /* Sleep */ = {
			isa = PBXGroup;
			children = (
				69D537192217DE6000A11E1E /* AppDelegate.swift */,
				69D5371B2217DE6000A11E1E /* ViewController.swift */,
				69D5371D2217DE6000A11E1E /* Main.storyboard */,
				69D537202217DE6200A11E1E /* Assets.xcassets */,
				69D537222217DE6200A11E1E /* LaunchScreen.storyboard */,
				69D537252217DE6200A11E1E /* Info.plist */,
				69D537472217E78700A11E1E /* RecordViewController.swift */,
				69EDD6BD222A577A005E0531 /* Sleep.swift */,
				69EDD6BF222A8E00005E0531 /* UIColor+.swift */,
			);
			path = Sleep;
			sourceTree = "<group>";
		};
		69D5372D2217DE6200A11E1E /* SleepTests */ = {
			isa = PBXGroup;
			children = (
				69D5372E2217DE6200A11E1E /* SleepTests.swift */,
				69D537302217DE6200A11E1E /* Info.plist */,
			);
			path = SleepTests;
			sourceTree = "<group>";
		};
		69D537382217DE6200A11E1E /* SleepUITests */ = {
			isa = PBXGroup;
			children = (
				69D537392217DE6200A11E1E /* SleepUITests.swift */,
				69D5373B2217DE6200A11E1E /* Info.plist */,
			);
			path = SleepUITests;
			sourceTree = "<group>";
		};
		6F2ED634211D8374FB5C1D87 /* Pods */ = {
			isa = PBXGroup;
			children = (
				496712DE8301CE5FCF7BB0E1 /* Pods-Sleep.debug.xcconfig */,
				0169DF7AF44E39E546F77A58 /* Pods-Sleep.release.xcconfig */,
				F43B3C05839DA455A2DFC45B /* Pods-SleepTests.debug.xcconfig */,
				098C7218B38A1D8DD84DEC9D /* Pods-SleepTests.release.xcconfig */,
				577D57907F3F3076184A4818 /* Pods-SleepUITests.debug.xcconfig */,
				816A11CC1AD77A162C1A6161 /* Pods-SleepUITests.release.xcconfig */,
			);
			path = Pods;
			sourceTree = "<group>";
		};
		A8EA7FAF07F8686A4B35C6AB /* Frameworks */ = {
			isa = PBXGroup;
			children = (
				423BBCD5E484A8259CB62B7D /* Pods_Sleep.framework */,
				B82ED731079E9FA790302089 /* libPods-SleepTests.a */,
				C79C35C4198C65B2D1BDFED3 /* libPods-SleepUITests.a */,
			);
			name = Frameworks;
			sourceTree = "<group>";
		};
/* End PBXGroup section */

/* Begin PBXNativeTarget section */
		69D537152217DE6000A11E1E /* Sleep */ = {
			isa = PBXNativeTarget;
			buildConfigurationList = 69D5373E2217DE6200A11E1E /* Build configuration list for PBXNativeTarget "Sleep" */;
			buildPhases = (
				223E393FB02D2241989F40E2 /* [CP] Check Pods Manifest.lock */,
				69D537122217DE6000A11E1E /* Sources */,
				69D537132217DE6000A11E1E /* Frameworks */,
				69D537142217DE6000A11E1E /* Resources */,
				8463F1BA14396B88BBE39683 /* [CP] Embed Pods Frameworks */,
			);
			buildRules = (
			);
			dependencies = (
			);
			name = Sleep;
			productName = Sleep;
			productReference = 69D537162217DE6000A11E1E /* Sleep.app */;
			productType = "com.apple.product-type.application";
		};
		69D537292217DE6200A11E1E /* SleepTests */ = {
			isa = PBXNativeTarget;
			buildConfigurationList = 69D537412217DE6200A11E1E /* Build configuration list for PBXNativeTarget "SleepTests" */;
			buildPhases = (
				1D643E8F1D74F737145DE1C1 /* [CP] Check Pods Manifest.lock */,
				69D537262217DE6200A11E1E /* Sources */,
				69D537272217DE6200A11E1E /* Frameworks */,
				69D537282217DE6200A11E1E /* Resources */,
			);
			buildRules = (
			);
			dependencies = (
				69D5372C2217DE6200A11E1E /* PBXTargetDependency */,
			);
			name = SleepTests;
			productName = SleepTests;
			productReference = 69D5372A2217DE6200A11E1E /* SleepTests.xctest */;
			productType = "com.apple.product-type.bundle.unit-test";
		};
		69D537342217DE6200A11E1E /* SleepUITests */ = {
			isa = PBXNativeTarget;
			buildConfigurationList = 69D537442217DE6200A11E1E /* Build configuration list for PBXNativeTarget "SleepUITests" */;
			buildPhases = (
				0A8AED79B2CDB1B2669880D1 /* [CP] Check Pods Manifest.lock */,
				69D537312217DE6200A11E1E /* Sources */,
				69D537322217DE6200A11E1E /* Frameworks */,
				69D537332217DE6200A11E1E /* Resources */,
			);
			buildRules = (
			);
			dependencies = (
				69D537372217DE6200A11E1E /* PBXTargetDependency */,
			);
			name = SleepUITests;
			productName = SleepUITests;
			productReference = 69D537352217DE6200A11E1E /* SleepUITests.xctest */;
			productType = "com.apple.product-type.bundle.ui-testing";
		};
/* End PBXNativeTarget section */

/* Begin PBXProject section */
		69D5370E2217DE6000A11E1E /* Project object */ = {
			isa = PBXProject;
			attributes = {
				LastSwiftUpdateCheck = 1000;
				LastUpgradeCheck = 1000;
				ORGANIZATIONNAME = "紫安絵理";
				TargetAttributes = {
					69D537152217DE6000A11E1E = {
						CreatedOnToolsVersion = 10.0;
					};
					69D537292217DE6200A11E1E = {
						CreatedOnToolsVersion = 10.0;
						TestTargetID = 69D537152217DE6000A11E1E;
					};
					69D537342217DE6200A11E1E = {
						CreatedOnToolsVersion = 10.0;
						TestTargetID = 69D537152217DE6000A11E1E;
					};
				};
			};
			buildConfigurationList = 69D537112217DE6000A11E1E /* Build configuration list for PBXProject "Sleep" */;
			compatibilityVersion = "Xcode 9.3";
			developmentRegion = en;
			hasScannedForEncodings = 0;
			knownRegions = (
				en,
				Base,
			);
			mainGroup = 69D5370D2217DE6000A11E1E;
			productRefGroup = 69D537172217DE6000A11E1E /* Products */;
			projectDirPath = "";
			projectRoot = "";
			targets = (
				69D537152217DE6000A11E1E /* Sleep */,
				69D537292217DE6200A11E1E /* SleepTests */,
				69D537342217DE6200A11E1E /* SleepUITests */,
			);
		};
/* End PBXProject section */

/* Begin PBXResourcesBuildPhase section */
		69D537142217DE6000A11E1E /* Resources */ = {
			isa = PBXResourcesBuildPhase;
			buildActionMask = 2147483647;
			files = (
				69D537242217DE6200A11E1E /* LaunchScreen.storyboard in Resources */,
				69D537212217DE6200A11E1E /* Assets.xcassets in Resources */,
				69D5371F2217DE6000A11E1E /* Main.storyboard in Resources */,
			);
			runOnlyForDeploymentPostprocessing = 0;
		};
		69D537282217DE6200A11E1E /* Resources */ = {
			isa = PBXResourcesBuildPhase;
			buildActionMask = 2147483647;
			files = (
			);
			runOnlyForDeploymentPostprocessing = 0;
		};
		69D537332217DE6200A11E1E /* Resources */ = {
			isa = PBXResourcesBuildPhase;
			buildActionMask = 2147483647;
			files = (
			);
			runOnlyForDeploymentPostprocessing = 0;
		};
/* End PBXResourcesBuildPhase section */

/* Begin PBXShellScriptBuildPhase section */
		0A8AED79B2CDB1B2669880D1 /* [CP] Check Pods Manifest.lock */ = {
			isa = PBXShellScriptBuildPhase;
			buildActionMask = 2147483647;
			files = (
			);
			inputFileListPaths = (
			);
			inputPaths = (
				"${PODS_PODFILE_DIR_PATH}/Podfile.lock",
				"${PODS_ROOT}/Manifest.lock",
			);
			name = "[CP] Check Pods Manifest.lock";
			outputFileListPaths = (
			);
			outputPaths = (
				"$(DERIVED_FILE_DIR)/Pods-SleepUITests-checkManifestLockResult.txt",
			);
			runOnlyForDeploymentPostprocessing = 0;
			shellPath = /bin/sh;
			shellScript = "diff \"${PODS_PODFILE_DIR_PATH}/Podfile.lock\" \"${PODS_ROOT}/Manifest.lock\" > /dev/null\nif [ $? != 0 ] ; then\n    # print error to STDERR\n    echo \"error: The sandbox is not in sync with the Podfile.lock. Run 'pod install' or update your CocoaPods installation.\" >&2\n    exit 1\nfi\n# This output is used by Xcode 'outputs' to avoid re-running this script phase.\necho \"SUCCESS\" > \"${SCRIPT_OUTPUT_FILE_0}\"\n";
			showEnvVarsInLog = 0;
		};
		1D643E8F1D74F737145DE1C1 /* [CP] Check Pods Manifest.lock */ = {
			isa = PBXShellScriptBuildPhase;
			buildActionMask = 2147483647;
			files = (
			);
			inputFileListPaths = (
			);
			inputPaths = (
				"${PODS_PODFILE_DIR_PATH}/Podfile.lock",
				"${PODS_ROOT}/Manifest.lock",
			);
			name = "[CP] Check Pods Manifest.lock";
			outputFileListPaths = (
			);
			outputPaths = (
				"$(DERIVED_FILE_DIR)/Pods-SleepTests-checkManifestLockResult.txt",
			);
			runOnlyForDeploymentPostprocessing = 0;
			shellPath = /bin/sh;
			shellScript = "diff \"${PODS_PODFILE_DIR_PATH}/Podfile.lock\" \"${PODS_ROOT}/Manifest.lock\" > /dev/null\nif [ $? != 0 ] ; then\n    # print error to STDERR\n    echo \"error: The sandbox is not in sync with the Podfile.lock. Run 'pod install' or update your CocoaPods installation.\" >&2\n    exit 1\nfi\n# This output is used by Xcode 'outputs' to avoid re-running this script phase.\necho \"SUCCESS\" > \"${SCRIPT_OUTPUT_FILE_0}\"\n";
			showEnvVarsInLog = 0;
		};
		223E393FB02D2241989F40E2 /* [CP] Check Pods Manifest.lock */ = {
			isa = PBXShellScriptBuildPhase;
			buildActionMask = 2147483647;
			files = (
			);
			inputFileListPaths = (
			);
			inputPaths = (
				"${PODS_PODFILE_DIR_PATH}/Podfile.lock",
				"${PODS_ROOT}/Manifest.lock",
			);
			name = "[CP] Check Pods Manifest.lock";
			outputFileListPaths = (
			);
			outputPaths = (
				"$(DERIVED_FILE_DIR)/Pods-Sleep-checkManifestLockResult.txt",
			);
			runOnlyForDeploymentPostprocessing = 0;
			shellPath = /bin/sh;
			shellScript = "diff \"${PODS_PODFILE_DIR_PATH}/Podfile.lock\" \"${PODS_ROOT}/Manifest.lock\" > /dev/null\nif [ $? != 0 ] ; then\n    # print error to STDERR\n    echo \"error: The sandbox is not in sync with the Podfile.lock. Run 'pod install' or update your CocoaPods installation.\" >&2\n    exit 1\nfi\n# This output is used by Xcode 'outputs' to avoid re-running this script phase.\necho \"SUCCESS\" > \"${SCRIPT_OUTPUT_FILE_0}\"\n";
			showEnvVarsInLog = 0;
		};
		8463F1BA14396B88BBE39683 /* [CP] Embed Pods Frameworks */ = {
			isa = PBXShellScriptBuildPhase;
			buildActionMask = 2147483647;
			files = (
			);
			inputFileListPaths = (
			);
			inputPaths = (
				"${PODS_ROOT}/Target Support Files/Pods-Sleep/Pods-Sleep-frameworks.sh",
				"${BUILT_PRODUCTS_DIR}/JBDatePicker/JBDatePicker.framework",
				"${BUILT_PRODUCTS_DIR}/Realm/Realm.framework",
				"${BUILT_PRODUCTS_DIR}/RealmSwift/RealmSwift.framework",
			);
			name = "[CP] Embed Pods Frameworks";
			outputFileListPaths = (
			);
			outputPaths = (
				"${TARGET_BUILD_DIR}/${FRAMEWORKS_FOLDER_PATH}/JBDatePicker.framework",
				"${TARGET_BUILD_DIR}/${FRAMEWORKS_FOLDER_PATH}/Realm.framework",
				"${TARGET_BUILD_DIR}/${FRAMEWORKS_FOLDER_PATH}/RealmSwift.framework",
			);
			runOnlyForDeploymentPostprocessing = 0;
			shellPath = /bin/sh;
			shellScript = "\"${PODS_ROOT}/Target Support Files/Pods-Sleep/Pods-Sleep-frameworks.sh\"\n";
			showEnvVarsInLog = 0;
		};
/* End PBXShellScriptBuildPhase section */

/* Begin PBXSourcesBuildPhase section */
		69D537122217DE6000A11E1E /* Sources */ = {
			isa = PBXSourcesBuildPhase;
			buildActionMask = 2147483647;
			files = (
				69D537482217E78700A11E1E /* RecordViewController.swift in Sources */,
				69EDD6BE222A577A005E0531 /* Sleep.swift in Sources */,
				69D5371C2217DE6000A11E1E /* ViewController.swift in Sources */,
				69D5371A2217DE6000A11E1E /* AppDelegate.swift in Sources */,
				69EDD6C0222A8E00005E0531 /* UIColor+.swift in Sources */,
			);
			runOnlyForDeploymentPostprocessing = 0;
		};
		69D537262217DE6200A11E1E /* Sources */ = {
			isa = PBXSourcesBuildPhase;
			buildActionMask = 2147483647;
			files = (
				69D5372F2217DE6200A11E1E /* SleepTests.swift in Sources */,
			);
			runOnlyForDeploymentPostprocessing = 0;
		};
		69D537312217DE6200A11E1E /* Sources */ = {
			isa = PBXSourcesBuildPhase;
			buildActionMask = 2147483647;
			files = (
				69D5373A2217DE6200A11E1E /* SleepUITests.swift in Sources */,
			);
			runOnlyForDeploymentPostprocessing = 0;
		};
/* End PBXSourcesBuildPhase section */

/* Begin PBXTargetDependency section */
		69D5372C2217DE6200A11E1E /* PBXTargetDependency */ = {
			isa = PBXTargetDependency;
			target = 69D537152217DE6000A11E1E /* Sleep */;
			targetProxy = 69D5372B2217DE6200A11E1E /* PBXContainerItemProxy */;
		};
		69D537372217DE6200A11E1E /* PBXTargetDependency */ = {
			isa = PBXTargetDependency;
			target = 69D537152217DE6000A11E1E /* Sleep */;
			targetProxy = 69D537362217DE6200A11E1E /* PBXContainerItemProxy */;
		};
/* End PBXTargetDependency section */

/* Begin PBXVariantGroup section */
		69D5371D2217DE6000A11E1E /* Main.storyboard */ = {
			isa = PBXVariantGroup;
			children = (
				69D5371E2217DE6000A11E1E /* Base */,
			);
			name = Main.storyboard;
			sourceTree = "<group>";
		};
		69D537222217DE6200A11E1E /* LaunchScreen.storyboard */ = {
			isa = PBXVariantGroup;
			children = (
				69D537232217DE6200A11E1E /* Base */,
			);
			name = LaunchScreen.storyboard;
			sourceTree = "<group>";
		};
/* End PBXVariantGroup section */

/* Begin XCBuildConfiguration section */
		69D5373C2217DE6200A11E1E /* Debug */ = {
			isa = XCBuildConfiguration;
			buildSettings = {
				ALWAYS_SEARCH_USER_PATHS = NO;
				CLANG_ANALYZER_NONNULL = YES;
				CLANG_ANALYZER_NUMBER_OBJECT_CONVERSION = YES_AGGRESSIVE;
				CLANG_CXX_LANGUAGE_STANDARD = "gnu++14";
				CLANG_CXX_LIBRARY = "libc++";
				CLANG_ENABLE_MODULES = YES;
				CLANG_ENABLE_OBJC_ARC = YES;
				CLANG_ENABLE_OBJC_WEAK = YES;
				CLANG_WARN_BLOCK_CAPTURE_AUTORELEASING = YES;
				CLANG_WARN_BOOL_CONVERSION = YES;
				CLANG_WARN_COMMA = YES;
				CLANG_WARN_CONSTANT_CONVERSION = YES;
				CLANG_WARN_DEPRECATED_OBJC_IMPLEMENTATIONS = YES;
				CLANG_WARN_DIRECT_OBJC_ISA_USAGE = YES_ERROR;
				CLANG_WARN_DOCUMENTATION_COMMENTS = YES;
				CLANG_WARN_EMPTY_BODY = YES;
				CLANG_WARN_ENUM_CONVERSION = YES;
				CLANG_WARN_INFINITE_RECURSION = YES;
				CLANG_WARN_INT_CONVERSION = YES;
				CLANG_WARN_NON_LITERAL_NULL_CONVERSION = YES;
				CLANG_WARN_OBJC_IMPLICIT_RETAIN_SELF = YES;
				CLANG_WARN_OBJC_LITERAL_CONVERSION = YES;
				CLANG_WARN_OBJC_ROOT_CLASS = YES_ERROR;
				CLANG_WARN_RANGE_LOOP_ANALYSIS = YES;
				CLANG_WARN_STRICT_PROTOTYPES = YES;
				CLANG_WARN_SUSPICIOUS_MOVE = YES;
				CLANG_WARN_UNGUARDED_AVAILABILITY = YES_AGGRESSIVE;
				CLANG_WARN_UNREACHABLE_CODE = YES;
				CLANG_WARN__DUPLICATE_METHOD_MATCH = YES;
				CODE_SIGN_IDENTITY = "iPhone Developer";
				COPY_PHASE_STRIP = NO;
				DEBUG_INFORMATION_FORMAT = dwarf;
				ENABLE_STRICT_OBJC_MSGSEND = YES;
				ENABLE_TESTABILITY = YES;
				GCC_C_LANGUAGE_STANDARD = gnu11;
				GCC_DYNAMIC_NO_PIC = NO;
				GCC_NO_COMMON_BLOCKS = YES;
				GCC_OPTIMIZATION_LEVEL = 0;
				GCC_PREPROCESSOR_DEFINITIONS = (
					"DEBUG=1",
					"$(inherited)",
				);
				GCC_WARN_64_TO_32_BIT_CONVERSION = YES;
				GCC_WARN_ABOUT_RETURN_TYPE = YES_ERROR;
				GCC_WARN_UNDECLARED_SELECTOR = YES;
				GCC_WARN_UNINITIALIZED_AUTOS = YES_AGGRESSIVE;
				GCC_WARN_UNUSED_FUNCTION = YES;
				GCC_WARN_UNUSED_VARIABLE = YES;
				IPHONEOS_DEPLOYMENT_TARGET = 12.0;
				MTL_ENABLE_DEBUG_INFO = INCLUDE_SOURCE;
				MTL_FAST_MATH = YES;
				ONLY_ACTIVE_ARCH = YES;
				SDKROOT = iphoneos;
				SWIFT_ACTIVE_COMPILATION_CONDITIONS = DEBUG;
				SWIFT_OPTIMIZATION_LEVEL = "-Onone";
			};
			name = Debug;
		};
		69D5373D2217DE6200A11E1E /* Release */ = {
			isa = XCBuildConfiguration;
			buildSettings = {
				ALWAYS_SEARCH_USER_PATHS = NO;
				CLANG_ANALYZER_NONNULL = YES;
				CLANG_ANALYZER_NUMBER_OBJECT_CONVERSION = YES_AGGRESSIVE;
				CLANG_CXX_LANGUAGE_STANDARD = "gnu++14";
				CLANG_CXX_LIBRARY = "libc++";
				CLANG_ENABLE_MODULES = YES;
				CLANG_ENABLE_OBJC_ARC = YES;
				CLANG_ENABLE_OBJC_WEAK = YES;
				CLANG_WARN_BLOCK_CAPTURE_AUTORELEASING = YES;
				CLANG_WARN_BOOL_CONVERSION = YES;
				CLANG_WARN_COMMA = YES;
				CLANG_WARN_CONSTANT_CONVERSION = YES;
				CLANG_WARN_DEPRECATED_OBJC_IMPLEMENTATIONS = YES;
				CLANG_WARN_DIRECT_OBJC_ISA_USAGE = YES_ERROR;
				CLANG_WARN_DOCUMENTATION_COMMENTS = YES;
				CLANG_WARN_EMPTY_BODY = YES;
				CLANG_WARN_ENUM_CONVERSION = YES;
				CLANG_WARN_INFINITE_RECURSION = YES;
				CLANG_WARN_INT_CONVERSION = YES;
				CLANG_WARN_NON_LITERAL_NULL_CONVERSION = YES;
				CLANG_WARN_OBJC_IMPLICIT_RETAIN_SELF = YES;
				CLANG_WARN_OBJC_LITERAL_CONVERSION = YES;
				CLANG_WARN_OBJC_ROOT_CLASS = YES_ERROR;
				CLANG_WARN_RANGE_LOOP_ANALYSIS = YES;
				CLANG_WARN_STRICT_PROTOTYPES = YES;
				CLANG_WARN_SUSPICIOUS_MOVE = YES;
				CLANG_WARN_UNGUARDED_AVAILABILITY = YES_AGGRESSIVE;
				CLANG_WARN_UNREACHABLE_CODE = YES;
				CLANG_WARN__DUPLICATE_METHOD_MATCH = YES;
				CODE_SIGN_IDENTITY = "iPhone Developer";
				COPY_PHASE_STRIP = NO;
				DEBUG_INFORMATION_FORMAT = "dwarf-with-dsym";
				ENABLE_NS_ASSERTIONS = NO;
				ENABLE_STRICT_OBJC_MSGSEND = YES;
				GCC_C_LANGUAGE_STANDARD = gnu11;
				GCC_NO_COMMON_BLOCKS = YES;
				GCC_WARN_64_TO_32_BIT_CONVERSION = YES;
				GCC_WARN_ABOUT_RETURN_TYPE = YES_ERROR;
				GCC_WARN_UNDECLARED_SELECTOR = YES;
				GCC_WARN_UNINITIALIZED_AUTOS = YES_AGGRESSIVE;
				GCC_WARN_UNUSED_FUNCTION = YES;
				GCC_WARN_UNUSED_VARIABLE = YES;
				IPHONEOS_DEPLOYMENT_TARGET = 12.0;
				MTL_ENABLE_DEBUG_INFO = NO;
				MTL_FAST_MATH = YES;
				SDKROOT = iphoneos;
				SWIFT_COMPILATION_MODE = wholemodule;
				SWIFT_OPTIMIZATION_LEVEL = "-O";
				VALIDATE_PRODUCT = YES;
			};
			name = Release;
		};
		69D5373F2217DE6200A11E1E /* Debug */ = {
			isa = XCBuildConfiguration;
			baseConfigurationReference = 496712DE8301CE5FCF7BB0E1 /* Pods-Sleep.debug.xcconfig */;
			buildSettings = {
				ASSETCATALOG_COMPILER_APPICON_NAME = AppIcon;
				CODE_SIGN_STYLE = Automatic;
				INFOPLIST_FILE = Sleep/Info.plist;
				LD_RUNPATH_SEARCH_PATHS = (
					"$(inherited)",
					"@executable_path/Frameworks",
				);
				PRODUCT_BUNDLE_IDENTIFIER = com.litech.Sleep;
				PRODUCT_NAME = "$(TARGET_NAME)";
				SWIFT_VERSION = 4.2;
				TARGETED_DEVICE_FAMILY = "1,2";
			};
			name = Debug;
		};
		69D537402217DE6200A11E1E /* Release */ = {
			isa = XCBuildConfiguration;
			baseConfigurationReference = 0169DF7AF44E39E546F77A58 /* Pods-Sleep.release.xcconfig */;
			buildSettings = {
				ASSETCATALOG_COMPILER_APPICON_NAME = AppIcon;
				CODE_SIGN_STYLE = Automatic;
				INFOPLIST_FILE = Sleep/Info.plist;
				LD_RUNPATH_SEARCH_PATHS = (
					"$(inherited)",
					"@executable_path/Frameworks",
				);
				PRODUCT_BUNDLE_IDENTIFIER = com.litech.Sleep;
				PRODUCT_NAME = "$(TARGET_NAME)";
				SWIFT_VERSION = 4.2;
				TARGETED_DEVICE_FAMILY = "1,2";
			};
			name = Release;
		};
		69D537422217DE6200A11E1E /* Debug */ = {
			isa = XCBuildConfiguration;
			baseConfigurationReference = F43B3C05839DA455A2DFC45B /* Pods-SleepTests.debug.xcconfig */;
			buildSettings = {
				ALWAYS_EMBED_SWIFT_STANDARD_LIBRARIES = YES;
				BUNDLE_LOADER = "$(TEST_HOST)";
				CODE_SIGN_STYLE = Automatic;
				INFOPLIST_FILE = SleepTests/Info.plist;
				LD_RUNPATH_SEARCH_PATHS = (
					"$(inherited)",
					"@executable_path/Frameworks",
					"@loader_path/Frameworks",
				);
				PRODUCT_BUNDLE_IDENTIFIER = com.litech.SleepTests;
				PRODUCT_NAME = "$(TARGET_NAME)";
				SWIFT_VERSION = 4.2;
				TARGETED_DEVICE_FAMILY = "1,2";
				TEST_HOST = "$(BUILT_PRODUCTS_DIR)/Sleep.app/Sleep";
			};
			name = Debug;
		};
		69D537432217DE6200A11E1E /* Release */ = {
			isa = XCBuildConfiguration;
			baseConfigurationReference = 098C7218B38A1D8DD84DEC9D /* Pods-SleepTests.release.xcconfig */;
			buildSettings = {
				ALWAYS_EMBED_SWIFT_STANDARD_LIBRARIES = YES;
				BUNDLE_LOADER = "$(TEST_HOST)";
				CODE_SIGN_STYLE = Automatic;
				INFOPLIST_FILE = SleepTests/Info.plist;
				LD_RUNPATH_SEARCH_PATHS = (
					"$(inherited)",
					"@executable_path/Frameworks",
					"@loader_path/Frameworks",
				);
				PRODUCT_BUNDLE_IDENTIFIER = com.litech.SleepTests;
				PRODUCT_NAME = "$(TARGET_NAME)";
				SWIFT_VERSION = 4.2;
				TARGETED_DEVICE_FAMILY = "1,2";
				TEST_HOST = "$(BUILT_PRODUCTS_DIR)/Sleep.app/Sleep";
			};
			name = Release;
		};
		69D537452217DE6200A11E1E /* Debug */ = {
			isa = XCBuildConfiguration;
			baseConfigurationReference = 577D57907F3F3076184A4818 /* Pods-SleepUITests.debug.xcconfig */;
			buildSettings = {
				ALWAYS_EMBED_SWIFT_STANDARD_LIBRARIES = YES;
				CODE_SIGN_STYLE = Automatic;
				INFOPLIST_FILE = SleepUITests/Info.plist;
				LD_RUNPATH_SEARCH_PATHS = (
					"$(inherited)",
					"@executable_path/Frameworks",
					"@loader_path/Frameworks",
				);
				PRODUCT_BUNDLE_IDENTIFIER = com.litech.SleepUITests;
				PRODUCT_NAME = "$(TARGET_NAME)";
				SWIFT_VERSION = 4.2;
				TARGETED_DEVICE_FAMILY = "1,2";
				TEST_TARGET_NAME = Sleep;
			};
			name = Debug;
		};
		69D537462217DE6200A11E1E /* Release */ = {
			isa = XCBuildConfiguration;
			baseConfigurationReference = 816A11CC1AD77A162C1A6161 /* Pods-SleepUITests.release.xcconfig */;
			buildSettings = {
				ALWAYS_EMBED_SWIFT_STANDARD_LIBRARIES = YES;
				CODE_SIGN_STYLE = Automatic;
				INFOPLIST_FILE = SleepUITests/Info.plist;
				LD_RUNPATH_SEARCH_PATHS = (
					"$(inherited)",
					"@executable_path/Frameworks",
					"@loader_path/Frameworks",
				);
				PRODUCT_BUNDLE_IDENTIFIER = com.litech.SleepUITests;
				PRODUCT_NAME = "$(TARGET_NAME)";
				SWIFT_VERSION = 4.2;
				TARGETED_DEVICE_FAMILY = "1,2";
				TEST_TARGET_NAME = Sleep;
			};
			name = Release;
		};
/* End XCBuildConfiguration section */

/* Begin XCConfigurationList section */
		69D537112217DE6000A11E1E /* Build configuration list for PBXProject "Sleep" */ = {
			isa = XCConfigurationList;
			buildConfigurations = (
				69D5373C2217DE6200A11E1E /* Debug */,
				69D5373D2217DE6200A11E1E /* Release */,
			);
			defaultConfigurationIsVisible = 0;
			defaultConfigurationName = Release;
		};
		69D5373E2217DE6200A11E1E /* Build configuration list for PBXNativeTarget "Sleep" */ = {
			isa = XCConfigurationList;
			buildConfigurations = (
				69D5373F2217DE6200A11E1E /* Debug */,
				69D537402217DE6200A11E1E /* Release */,
			);
			defaultConfigurationIsVisible = 0;
			defaultConfigurationName = Release;
		};
		69D537412217DE6200A11E1E /* Build configuration list for PBXNativeTarget "SleepTests" */ = {
			isa = XCConfigurationList;
			buildConfigurations = (
				69D537422217DE6200A11E1E /* Debug */,
				69D537432217DE6200A11E1E /* Release */,
			);
			defaultConfigurationIsVisible = 0;
			defaultConfigurationName = Release;
		};
		69D537442217DE6200A11E1E /* Build configuration list for PBXNativeTarget "SleepUITests" */ = {
			isa = XCConfigurationList;
			buildConfigurations = (
				69D537452217DE6200A11E1E /* Debug */,
				69D537462217DE6200A11E1E /* Release */,
			);
			defaultConfigurationIsVisible = 0;
			defaultConfigurationName = Release;
		};
/* End XCConfigurationList section */
	};
	rootObject = 69D5370E2217DE6000A11E1E /* Project object */;
}
